
Microsoft Visual Studio Solution File, Format Version 12.00
# Visual Studio Version 17
VisualStudioVersion = 17.9.34607.119
MinimumVisualStudioVersion = 10.0.40219.1
Project("{FAE04EC0-301F-11D3-BF4B-00C04F79EFBC}") = "Assignment1", "Assignment1\Assignment1.csproj", "{AFF560EC-AFCD-4763-BBAC-CE8DDDF7D460}"
EndProject
Global
	GlobalSection(SolutionConfigurationPlatforms) = preSolution
		Debug|Any CPU = Debug|Any CPU
		Release|Any CPU = Release|Any CPU
	EndGlobalSection
	GlobalSection(ProjectConfigurationPlatforms) = postSolution
		{AFF560EC-AFCD-4763-BBAC-CE8DDDF7D460}.Debug|Any CPU.ActiveCfg = Debug|Any CPU
		{AFF560EC-AFCD-4763-BBAC-CE8DDDF7D460}.Debug|Any CPU.Build.0 = Debug|Any CPU
		{AFF560EC-AFCD-4763-BBAC-CE8DDDF7D460}.Release|Any CPU.ActiveCfg = Release|Any CPU
		{AFF560EC-AFCD-4763-BBAC-CE8DDDF7D460}.Release|Any CPU.Build.0 = Release|Any CPU
	EndGlobalSection
	GlobalSection(SolutionProperties) = preSolution
		HideSolutionNode = FALSE
	EndGlobalSection
	GlobalSection(ExtensibilityGlobals) = postSolution
		SolutionGuid = {D8A74233-B806-4010-9D84-DA40E0DC5AFB}
	EndGlobalSection
EndGlobal
